
Microsoft Visual Studio Solution File, Format Version 12.00
# Visual Studio 15
VisualStudioVersion = 15.0.28307.960
MinimumVisualStudioVersion = 10.0.40219.1
Project("{FAE04EC0-301F-11D3-BF4B-00C04F79EFBC}") = "e-shop-web-tests", "e-shop-web-tests\e-shop-web-tests.csproj", "{4BA752CF-FF58-4F2C-BED7-BA22C72A7298}"
EndProject
Global
	GlobalSection(SolutionConfigurationPlatforms) = preSolution
		Debug|Any CPU = Debug|Any CPU
		Release|Any CPU = Release|Any CPU
	EndGlobalSection
	GlobalSection(ProjectConfigurationPlatforms) = postSolution
		{4BA752CF-FF58-4F2C-BED7-BA22C72A7298}.Debug|Any CPU.ActiveCfg = Debug|Any CPU
		{4BA752CF-FF58-4F2C-BED7-BA22C72A7298}.Debug|Any CPU.Build.0 = Debug|Any CPU
		{4BA752CF-FF58-4F2C-BED7-BA22C72A7298}.Release|Any CPU.ActiveCfg = Release|Any CPU
		{4BA752CF-FF58-4F2C-BED7-BA22C72A7298}.Release|Any CPU.Build.0 = Release|Any CPU
	EndGlobalSection
	GlobalSection(SolutionProperties) = preSolution
		HideSolutionNode = FALSE
	EndGlobalSection
	GlobalSection(ExtensibilityGlobals) = postSolution
		SolutionGuid = {6239BAAF-093B-48E7-9D25-3ED1E1EC9813}
	EndGlobalSection
EndGlobal
